
Microsoft Visual Studio Solution File, Format Version 12.00
# Visual Studio Version 16
VisualStudioVersion = 16.0.32802.440
MinimumVisualStudioVersion = 10.0.40219.1
Project("{FAE04EC0-301F-11D3-BF4B-00C04F79EFBC}") = "20221101", "20221101\20221101.csproj", "{D2CA7ECE-8E17-403A-AB0C-EE90CBCC03A5}"
EndProject
Global
	GlobalSection(SolutionConfigurationPlatforms) = preSolution
		Debug|Any CPU = Debug|Any CPU
		Release|Any CPU = Release|Any CPU
	EndGlobalSection
	GlobalSection(ProjectConfigurationPlatforms) = postSolution
		{D2CA7ECE-8E17-403A-AB0C-EE90CBCC03A5}.Debug|Any CPU.ActiveCfg = Debug|Any CPU
		{D2CA7ECE-8E17-403A-AB0C-EE90CBCC03A5}.Debug|Any CPU.Build.0 = Debug|Any CPU
		{D2CA7ECE-8E17-403A-AB0C-EE90CBCC03A5}.Release|Any CPU.ActiveCfg = Release|Any CPU
		{D2CA7ECE-8E17-403A-AB0C-EE90CBCC03A5}.Release|Any CPU.Build.0 = Release|Any CPU
	EndGlobalSection
	GlobalSection(SolutionProperties) = preSolution
		HideSolutionNode = FALSE
	EndGlobalSection
	GlobalSection(ExtensibilityGlobals) = postSolution
		SolutionGuid = {6A4F120C-B8EE-498C-9E67-9F2B3E6DCF0E}
	EndGlobalSection
EndGlobal
